{
    "_readme": [
        "This file locks the dependencies of your project to a known state",
        "Read more about it at http://getcomposer.org/doc/01-basic-usage.md#composer-lock-the-lock-file"
    ],
    "hash": "95844a0303fd430158116f82e04a79fb",
    "packages": [
        {
            "name": "cakephp/cakephp",
            "version": "2.4.0",
            "source": {
                "type": "git",
                "url": "git://github.com/cakephp/cakephp.git",
                "reference": "2.4.0"
            },
            "dist": {
                "type": "zip",
                "url": "https://github.com/cakephp/cakephp/archive/2.4.0.zip",
                "reference": null,
                "shasum": null
            },
            "type": "library"
        },
        {
            "name": "composer/installers",
            "version": "dev-master",
            "source": {
                "type": "git",
                "url": "https://github.com/composer/installers.git",
                "reference": "46085247845046fadfdbf1b3d8ac851fa90a48d5"
            },
            "dist": {
                "type": "zip",
                "url": "https://api.github.com/repos/composer/installers/zipball/46085247845046fadfdbf1b3d8ac851fa90a48d5",
                "reference": "46085247845046fadfdbf1b3d8ac851fa90a48d5",
                "shasum": ""
            },
            "replace": {
                "shama/baton": "*"
            },
            "require-dev": {
                "composer/composer": "1.0.*@dev",
                "phpunit/phpunit": "3.7.*"
            },
            "type": "composer-installer",
            "extra": {
                "class": "Composer\\Installers\\Installer",
                "branch-alias": {
                    "dev-master": "1.0-dev"
                }
            },
            "autoload": {
                "psr-0": {
                    "Composer\\Installers\\": "src/"
                }
            },
            "notification-url": "https://packagist.org/downloads/",
            "license": [
                "MIT"
            ],
            "authors": [
                {
                    "name": "Kyle Robinson Young",
                    "email": "kyle@dontkry.com",
                    "homepage": "https://github.com/shama",
                    "role": "Developer"
                }
            ],
            "description": "A multi-framework Composer library installer",
            "homepage": "http://composer.github.com/installers/",
            "keywords": [
                "TYPO3 CMS",
                "TYPO3 Flow",
                "TYPO3 Neos",
                "agl",
                "cakephp",
                "codeigniter",
                "drupal",
                "fuelphp",
                "installer",
                "joomla",
                "kohana",
                "laravel",
                "li3",
                "lithium",
                "mako",
                "modulework",
                "phpbb",
                "ppi",
                "silverstripe",
                "symfony",
                "wordpress",
                "zend"
            ],
            "time": "2013-10-11 03:22:56"
        },
        {
            "name": "friendsofcake/crud",
            "version": "3.0.6",
            "source": {
                "type": "git",
                "url": "https://github.com/FriendsOfCake/crud.git",
                "reference": "38d8ff8c56e327276ea9c8b1fe4ef378e854c949"
            },
            "dist": {
                "type": "zip",
                "url": "https://api.github.com/repos/FriendsOfCake/crud/zipball/38d8ff8c56e327276ea9c8b1fe4ef378e854c949",
                "reference": "38d8ff8c56e327276ea9c8b1fe4ef378e854c949",
                "shasum": ""
            },
            "require": {
                "composer/installers": "*"
            },
            "suggest": {
                "cakedc/search": "If you want to use the Search Listener"
            },
            "type": "cakephp-plugin",
            "extra": {
                "installer-name": "Crud"
            },
            "notification-url": "https://packagist.org/downloads/",
            "license": [
                "MIT"
            ],
            "authors": [
                {
                    "name": "Christian Winther",
                    "homepage": "http://cakephp.nu/",
                    "role": "Author"
                },
                {
                    "name": "José Lorenzo Rodríguez",
                    "homepage": "https://github.com/lorenzo",
                    "role": "Contributor"
                },
                {
                    "name": "Andy Dawson",
                    "homepage": "https://github.com/ad7six",
                    "role": "Contributor"
                },
                {
                    "name": "ADmad",
                    "homepage": "https://github.com/admad",
                    "role": "Contributor"
                }
            ],
            "description": "CakePHP Application development on steroids - rapid prototyping / scaffolding & production ready code - XML / JSON APIs and more",
            "homepage": "https://github.com/FriendsOfCake/crud",
            "keywords": [
                "bake",
                "cake",
                "cakephp",
                "create",
                "crud",
                "delete",
                "retrieve",
                "scaffold",
                "scaffolding",
                "update"
            ],
            "time": "2013-09-17 19:43:20"
        }
    ],
    "packages-dev": null,
    "aliases": [

    ],
    "minimum-stability": "dev",
    "stability-flags": [

    ],
    "platform": {
        "php": ">=5.4"
    },
    "platform-dev": [

    ]
}
